
Microsoft Visual Studio Solution File, Format Version 12.00
Project("{FAE04EC0-301F-11D3-BF4B-00C04F79EFBC}") = "Lab 1", "Lab 1\Lab 1.csproj", "{7B2833A4-84D9-455F-9D65-096FB8C60E9C}"
EndProject
Project("{FAE04EC0-301F-11D3-BF4B-00C04F79EFBC}") = "Lab 2.1", "Lab 2.1\Lab 2.1.csproj", "{7965FACC-5226-4061-8CAB-1A543E34583A}"
EndProject
Project("{FAE04EC0-301F-11D3-BF4B-00C04F79EFBC}") = "Lab 2.2", "Lab 2.2\Lab 2.2.csproj", "{49DA4658-16A2-40EA-AC63-1CCB321FE714}"
EndProject
Project("{FAE04EC0-301F-11D3-BF4B-00C04F79EFBC}") = "Lab 2.3", "Lab 2.3\Lab 2.3.csproj", "{B9ACAEAE-1FDD-4704-BFB9-60B68CC42804}"
EndProject
Project("{FAE04EC0-301F-11D3-BF4B-00C04F79EFBC}") = "Lab 3.1", "Lab 3.1\Lab 3.1.csproj", "{37467C56-46F9-4425-A61A-09BA7F235989}"
EndProject
Project("{FAE04EC0-301F-11D3-BF4B-00C04F79EFBC}") = "Lab 3.2", "Lab 3.2\Lab 3.2.csproj", "{85051C46-2F1E-4811-BDE5-67CAEFFD077C}"
EndProject
Project("{FAE04EC0-301F-11D3-BF4B-00C04F79EFBC}") = "Lab 3.3", "Lab 3.3\Lab 3.3.csproj", "{485466DD-ED28-451E-B5A8-2C669DEF27CE}"
EndProject
Project("{FAE04EC0-301F-11D3-BF4B-00C04F79EFBC}") = "Lab 3.4.1", "Lab 3.4.1\Lab 3.4.1.csproj", "{BC5F68CF-F389-4264-B252-A4E7D5D356C4}"
EndProject
Project("{FAE04EC0-301F-11D3-BF4B-00C04F79EFBC}") = "Lab 3.4.2", "Lab 3.4.2\Lab 3.4.2.csproj", "{9C0F45CB-1D3C-43EC-94D7-6D55EA3804ED}"
EndProject
Project("{FAE04EC0-301F-11D3-BF4B-00C04F79EFBC}") = "Lab 5.1", "Lab 5.1\Lab 5.1.csproj", "{6D29EA36-4061-422F-9F3B-D7293BB5AC5A}"
EndProject
Project("{FAE04EC0-301F-11D3-BF4B-00C04F79EFBC}") = "Lab 5.3", "Lab 5.3\Lab 5.3.csproj", "{DAE91538-C895-47C4-A0D5-1322D6A23378}"
EndProject
Project("{FAE04EC0-301F-11D3-BF4B-00C04F79EFBC}") = "Lab 5.4", "Lab 5.4\Lab 5.4.csproj", "{E6023F95-B55B-4FFB-8008-A86B0095663E}"
EndProject
Project("{FAE04EC0-301F-11D3-BF4B-00C04F79EFBC}") = "Lab 5.5", "Lab 5.5\Lab 5.5.csproj", "{65CA3CA5-3C8F-4DC4-B0FB-3ED80DC4B46B}"
EndProject
Project("{FAE04EC0-301F-11D3-BF4B-00C04F79EFBC}") = "Lab 5.6", "Lab 5.6\Lab 5.6.csproj", "{6A61483E-116E-4592-B65C-0F13AF0330AC}"
EndProject
Project("{FAE04EC0-301F-11D3-BF4B-00C04F79EFBC}") = "Lab 5.7", "Lab 5.7\Lab 5.7.csproj", "{64736BEE-1BE6-4A15-89F3-B92FC19C87CC}"
EndProject
Project("{FAE04EC0-301F-11D3-BF4B-00C04F79EFBC}") = "Lab 5.8", "Lab 5.8\Lab 5.8.csproj", "{49C3AF34-8AF6-4CC2-B723-34730ACD98C7}"
EndProject
Project("{FAE04EC0-301F-11D3-BF4B-00C04F79EFBC}") = "Lab 6.1", "Lab 6.1\Lab 6.1.csproj", "{8C79A612-AC9A-4F2B-B827-4E0F407C771B}"
EndProject
Project("{FAE04EC0-301F-11D3-BF4B-00C04F79EFBC}") = "Lab 6.2", "Lab 6.2\Lab 6.2.csproj", "{0FE5D386-77DC-4729-A79F-F5B8E69DE43A}"
EndProject
Project("{FAE04EC0-301F-11D3-BF4B-00C04F79EFBC}") = "Lab 6.3", "Lab 6.3\Lab 6.3.csproj", "{258142C9-7B7E-4F4B-8F11-BFB8D7D40801}"
EndProject
Project("{FAE04EC0-301F-11D3-BF4B-00C04F79EFBC}") = "Lab 6.4", "Lab 6.4\Lab 6.4.csproj", "{6BC3F4DC-6E05-4308-97CC-EC22F3512ABE}"
EndProject
Project("{FAE04EC0-301F-11D3-BF4B-00C04F79EFBC}") = "Lab 6.5", "Lab 6.5\Lab 6.5.csproj", "{C19ECC18-E3F7-48B2-825D-31F23A866F04}"
EndProject
Project("{FAE04EC0-301F-11D3-BF4B-00C04F79EFBC}") = "Lab 6.6", "Lab 6.6\Lab 6.6.csproj", "{A1E94ABD-68F5-46FD-B144-20AA3ABF18E4}"
EndProject
Project("{FAE04EC0-301F-11D3-BF4B-00C04F79EFBC}") = "Lab 6.7", "Lab 6.7\Lab 6.7.csproj", "{7FBEBE86-B34E-4B57-A9FA-F384CBF7E6F0}"
EndProject
Project("{FAE04EC0-301F-11D3-BF4B-00C04F79EFBC}") = "Lab 6.8", "Lab 6.8\Lab 6.8.csproj", "{3EF03B75-914F-4D3F-B0A1-C8CD717CA2B7}"
EndProject
Project("{FAE04EC0-301F-11D3-BF4B-00C04F79EFBC}") = "Lab 6.9", "Lab 6.9\Lab 6.9.csproj", "{E44A6171-55EE-491B-AB91-61671F613953}"
EndProject
Project("{FAE04EC0-301F-11D3-BF4B-00C04F79EFBC}") = "Lab 6.10", "Lab 6.10\Lab 6.10.csproj", "{C412CCB2-C451-4934-BB8F-24A7C74CBF04}"
EndProject
Project("{FAE04EC0-301F-11D3-BF4B-00C04F79EFBC}") = "Lab 7.1", "Lab 7.1\Lab 7.1.csproj", "{C4D05142-D4D7-413A-B5C1-80B6C8CFB675}"
EndProject
Project("{FAE04EC0-301F-11D3-BF4B-00C04F79EFBC}") = "Lab 7.2-18", "Lab 7.2-18\Lab 7.2-18.csproj", "{033B06F2-5C40-4D79-AA0D-A5A592393DD1}"
EndProject
Project("{FAE04EC0-301F-11D3-BF4B-00C04F79EFBC}") = "Lab 5.2", "Lab 5.2\Lab 5.2.csproj", "{3D968D8B-0E2D-4C8E-A90E-FE80C90D0FB6}"
EndProject
Project("{FAE04EC0-301F-11D3-BF4B-00C04F79EFBC}") = "Lab 8.1", "Lab 8.1\Lab 8.1.csproj", "{017CB7E2-D691-4317-B78D-80B367C09B32}"
EndProject
Project("{FAE04EC0-301F-11D3-BF4B-00C04F79EFBC}") = "Lab 8.2", "Lab 8.2\Lab 8.2.csproj", "{6F217C67-4CD3-4BAD-BE47-1A0A24657B10}"
EndProject
Project("{FAE04EC0-301F-11D3-BF4B-00C04F79EFBC}") = "Lab 8.3", "Lab 8.3\Lab 8.3.csproj", "{AE81AD2D-DE0F-4A10-BBF1-89CDD870E554}"
EndProject
Project("{FAE04EC0-301F-11D3-BF4B-00C04F79EFBC}") = "Lab 4", "Lab 4\Lab 4.csproj", "{FF13958E-6802-4DA5-91E8-30AABAAD2B85}"
EndProject
Project("{FAE04EC0-301F-11D3-BF4B-00C04F79EFBC}") = "Graphs", "Graphs\Graphs.csproj", "{F9708F28-5917-4937-9E21-469FFE61B173}"
EndProject
Global
	GlobalSection(SolutionConfigurationPlatforms) = preSolution
		Debug|Any CPU = Debug|Any CPU
		Release|Any CPU = Release|Any CPU
	EndGlobalSection
	GlobalSection(ProjectConfigurationPlatforms) = postSolution
		{7B2833A4-84D9-455F-9D65-096FB8C60E9C}.Debug|Any CPU.ActiveCfg = Debug|Any CPU
		{7B2833A4-84D9-455F-9D65-096FB8C60E9C}.Debug|Any CPU.Build.0 = Debug|Any CPU
		{7B2833A4-84D9-455F-9D65-096FB8C60E9C}.Release|Any CPU.ActiveCfg = Release|Any CPU
		{7B2833A4-84D9-455F-9D65-096FB8C60E9C}.Release|Any CPU.Build.0 = Release|Any CPU
		{7965FACC-5226-4061-8CAB-1A543E34583A}.Debug|Any CPU.ActiveCfg = Debug|Any CPU
		{7965FACC-5226-4061-8CAB-1A543E34583A}.Debug|Any CPU.Build.0 = Debug|Any CPU
		{7965FACC-5226-4061-8CAB-1A543E34583A}.Release|Any CPU.ActiveCfg = Release|Any CPU
		{7965FACC-5226-4061-8CAB-1A543E34583A}.Release|Any CPU.Build.0 = Release|Any CPU
		{49DA4658-16A2-40EA-AC63-1CCB321FE714}.Debug|Any CPU.ActiveCfg = Debug|Any CPU
		{49DA4658-16A2-40EA-AC63-1CCB321FE714}.Debug|Any CPU.Build.0 = Debug|Any CPU
		{49DA4658-16A2-40EA-AC63-1CCB321FE714}.Release|Any CPU.ActiveCfg = Release|Any CPU
		{49DA4658-16A2-40EA-AC63-1CCB321FE714}.Release|Any CPU.Build.0 = Release|Any CPU
		{B9ACAEAE-1FDD-4704-BFB9-60B68CC42804}.Debug|Any CPU.ActiveCfg = Debug|Any CPU
		{B9ACAEAE-1FDD-4704-BFB9-60B68CC42804}.Debug|Any CPU.Build.0 = Debug|Any CPU
		{B9ACAEAE-1FDD-4704-BFB9-60B68CC42804}.Release|Any CPU.ActiveCfg = Release|Any CPU
		{B9ACAEAE-1FDD-4704-BFB9-60B68CC42804}.Release|Any CPU.Build.0 = Release|Any CPU
		{37467C56-46F9-4425-A61A-09BA7F235989}.Debug|Any CPU.ActiveCfg = Debug|Any CPU
		{37467C56-46F9-4425-A61A-09BA7F235989}.Debug|Any CPU.Build.0 = Debug|Any CPU
		{37467C56-46F9-4425-A61A-09BA7F235989}.Release|Any CPU.ActiveCfg = Release|Any CPU
		{37467C56-46F9-4425-A61A-09BA7F235989}.Release|Any CPU.Build.0 = Release|Any CPU
		{85051C46-2F1E-4811-BDE5-67CAEFFD077C}.Debug|Any CPU.ActiveCfg = Debug|Any CPU
		{85051C46-2F1E-4811-BDE5-67CAEFFD077C}.Debug|Any CPU.Build.0 = Debug|Any CPU
		{85051C46-2F1E-4811-BDE5-67CAEFFD077C}.Release|Any CPU.ActiveCfg = Release|Any CPU
		{85051C46-2F1E-4811-BDE5-67CAEFFD077C}.Release|Any CPU.Build.0 = Release|Any CPU
		{485466DD-ED28-451E-B5A8-2C669DEF27CE}.Debug|Any CPU.ActiveCfg = Debug|Any CPU
		{485466DD-ED28-451E-B5A8-2C669DEF27CE}.Debug|Any CPU.Build.0 = Debug|Any CPU
		{485466DD-ED28-451E-B5A8-2C669DEF27CE}.Release|Any CPU.ActiveCfg = Release|Any CPU
		{485466DD-ED28-451E-B5A8-2C669DEF27CE}.Release|Any CPU.Build.0 = Release|Any CPU
		{BC5F68CF-F389-4264-B252-A4E7D5D356C4}.Debug|Any CPU.ActiveCfg = Debug|Any CPU
		{BC5F68CF-F389-4264-B252-A4E7D5D356C4}.Debug|Any CPU.Build.0 = Debug|Any CPU
		{BC5F68CF-F389-4264-B252-A4E7D5D356C4}.Release|Any CPU.ActiveCfg = Release|Any CPU
		{BC5F68CF-F389-4264-B252-A4E7D5D356C4}.Release|Any CPU.Build.0 = Release|Any CPU
		{9C0F45CB-1D3C-43EC-94D7-6D55EA3804ED}.Debug|Any CPU.ActiveCfg = Debug|Any CPU
		{9C0F45CB-1D3C-43EC-94D7-6D55EA3804ED}.Debug|Any CPU.Build.0 = Debug|Any CPU
		{9C0F45CB-1D3C-43EC-94D7-6D55EA3804ED}.Release|Any CPU.ActiveCfg = Release|Any CPU
		{9C0F45CB-1D3C-43EC-94D7-6D55EA3804ED}.Release|Any CPU.Build.0 = Release|Any CPU
		{6D29EA36-4061-422F-9F3B-D7293BB5AC5A}.Debug|Any CPU.ActiveCfg = Debug|Any CPU
		{6D29EA36-4061-422F-9F3B-D7293BB5AC5A}.Debug|Any CPU.Build.0 = Debug|Any CPU
		{6D29EA36-4061-422F-9F3B-D7293BB5AC5A}.Release|Any CPU.ActiveCfg = Release|Any CPU
		{6D29EA36-4061-422F-9F3B-D7293BB5AC5A}.Release|Any CPU.Build.0 = Release|Any CPU
		{DAE91538-C895-47C4-A0D5-1322D6A23378}.Debug|Any CPU.ActiveCfg = Debug|Any CPU
		{DAE91538-C895-47C4-A0D5-1322D6A23378}.Debug|Any CPU.Build.0 = Debug|Any CPU
		{DAE91538-C895-47C4-A0D5-1322D6A23378}.Release|Any CPU.ActiveCfg = Release|Any CPU
		{DAE91538-C895-47C4-A0D5-1322D6A23378}.Release|Any CPU.Build.0 = Release|Any CPU
		{E6023F95-B55B-4FFB-8008-A86B0095663E}.Debug|Any CPU.ActiveCfg = Debug|Any CPU
		{E6023F95-B55B-4FFB-8008-A86B0095663E}.Debug|Any CPU.Build.0 = Debug|Any CPU
		{E6023F95-B55B-4FFB-8008-A86B0095663E}.Release|Any CPU.ActiveCfg = Release|Any CPU
		{E6023F95-B55B-4FFB-8008-A86B0095663E}.Release|Any CPU.Build.0 = Release|Any CPU
		{65CA3CA5-3C8F-4DC4-B0FB-3ED80DC4B46B}.Debug|Any CPU.ActiveCfg = Debug|Any CPU
		{65CA3CA5-3C8F-4DC4-B0FB-3ED80DC4B46B}.Debug|Any CPU.Build.0 = Debug|Any CPU
		{65CA3CA5-3C8F-4DC4-B0FB-3ED80DC4B46B}.Release|Any CPU.ActiveCfg = Release|Any CPU
		{65CA3CA5-3C8F-4DC4-B0FB-3ED80DC4B46B}.Release|Any CPU.Build.0 = Release|Any CPU
		{6A61483E-116E-4592-B65C-0F13AF0330AC}.Debug|Any CPU.ActiveCfg = Debug|Any CPU
		{6A61483E-116E-4592-B65C-0F13AF0330AC}.Debug|Any CPU.Build.0 = Debug|Any CPU
		{6A61483E-116E-4592-B65C-0F13AF0330AC}.Release|Any CPU.ActiveCfg = Release|Any CPU
		{6A61483E-116E-4592-B65C-0F13AF0330AC}.Release|Any CPU.Build.0 = Release|Any CPU
		{64736BEE-1BE6-4A15-89F3-B92FC19C87CC}.Debug|Any CPU.ActiveCfg = Debug|Any CPU
		{64736BEE-1BE6-4A15-89F3-B92FC19C87CC}.Debug|Any CPU.Build.0 = Debug|Any CPU
		{64736BEE-1BE6-4A15-89F3-B92FC19C87CC}.Release|Any CPU.ActiveCfg = Release|Any CPU
		{64736BEE-1BE6-4A15-89F3-B92FC19C87CC}.Release|Any CPU.Build.0 = Release|Any CPU
		{49C3AF34-8AF6-4CC2-B723-34730ACD98C7}.Debug|Any CPU.ActiveCfg = Debug|Any CPU
		{49C3AF34-8AF6-4CC2-B723-34730ACD98C7}.Debug|Any CPU.Build.0 = Debug|Any CPU
		{49C3AF34-8AF6-4CC2-B723-34730ACD98C7}.Release|Any CPU.ActiveCfg = Release|Any CPU
		{49C3AF34-8AF6-4CC2-B723-34730ACD98C7}.Release|Any CPU.Build.0 = Release|Any CPU
		{8C79A612-AC9A-4F2B-B827-4E0F407C771B}.Debug|Any CPU.ActiveCfg = Debug|Any CPU
		{8C79A612-AC9A-4F2B-B827-4E0F407C771B}.Debug|Any CPU.Build.0 = Debug|Any CPU
		{8C79A612-AC9A-4F2B-B827-4E0F407C771B}.Release|Any CPU.ActiveCfg = Release|Any CPU
		{8C79A612-AC9A-4F2B-B827-4E0F407C771B}.Release|Any CPU.Build.0 = Release|Any CPU
		{0FE5D386-77DC-4729-A79F-F5B8E69DE43A}.Debug|Any CPU.ActiveCfg = Debug|Any CPU
		{0FE5D386-77DC-4729-A79F-F5B8E69DE43A}.Debug|Any CPU.Build.0 = Debug|Any CPU
		{0FE5D386-77DC-4729-A79F-F5B8E69DE43A}.Release|Any CPU.ActiveCfg = Release|Any CPU
		{0FE5D386-77DC-4729-A79F-F5B8E69DE43A}.Release|Any CPU.Build.0 = Release|Any CPU
		{258142C9-7B7E-4F4B-8F11-BFB8D7D40801}.Debug|Any CPU.ActiveCfg = Debug|Any CPU
		{258142C9-7B7E-4F4B-8F11-BFB8D7D40801}.Debug|Any CPU.Build.0 = Debug|Any CPU
		{258142C9-7B7E-4F4B-8F11-BFB8D7D40801}.Release|Any CPU.ActiveCfg = Release|Any CPU
		{258142C9-7B7E-4F4B-8F11-BFB8D7D40801}.Release|Any CPU.Build.0 = Release|Any CPU
		{6BC3F4DC-6E05-4308-97CC-EC22F3512ABE}.Debug|Any CPU.ActiveCfg = Debug|Any CPU
		{6BC3F4DC-6E05-4308-97CC-EC22F3512ABE}.Debug|Any CPU.Build.0 = Debug|Any CPU
		{6BC3F4DC-6E05-4308-97CC-EC22F3512ABE}.Release|Any CPU.ActiveCfg = Release|Any CPU
		{6BC3F4DC-6E05-4308-97CC-EC22F3512ABE}.Release|Any CPU.Build.0 = Release|Any CPU
		{C19ECC18-E3F7-48B2-825D-31F23A866F04}.Debug|Any CPU.ActiveCfg = Debug|Any CPU
		{C19ECC18-E3F7-48B2-825D-31F23A866F04}.Debug|Any CPU.Build.0 = Debug|Any CPU
		{C19ECC18-E3F7-48B2-825D-31F23A866F04}.Release|Any CPU.ActiveCfg = Release|Any CPU
		{C19ECC18-E3F7-48B2-825D-31F23A866F04}.Release|Any CPU.Build.0 = Release|Any CPU
		{A1E94ABD-68F5-46FD-B144-20AA3ABF18E4}.Debug|Any CPU.ActiveCfg = Debug|Any CPU
		{A1E94ABD-68F5-46FD-B144-20AA3ABF18E4}.Debug|Any CPU.Build.0 = Debug|Any CPU
		{A1E94ABD-68F5-46FD-B144-20AA3ABF18E4}.Release|Any CPU.ActiveCfg = Release|Any CPU
		{A1E94ABD-68F5-46FD-B144-20AA3ABF18E4}.Release|Any CPU.Build.0 = Release|Any CPU
		{7FBEBE86-B34E-4B57-A9FA-F384CBF7E6F0}.Debug|Any CPU.ActiveCfg = Debug|Any CPU
		{7FBEBE86-B34E-4B57-A9FA-F384CBF7E6F0}.Debug|Any CPU.Build.0 = Debug|Any CPU
		{7FBEBE86-B34E-4B57-A9FA-F384CBF7E6F0}.Release|Any CPU.ActiveCfg = Release|Any CPU
		{7FBEBE86-B34E-4B57-A9FA-F384CBF7E6F0}.Release|Any CPU.Build.0 = Release|Any CPU
		{3EF03B75-914F-4D3F-B0A1-C8CD717CA2B7}.Debug|Any CPU.ActiveCfg = Debug|Any CPU
		{3EF03B75-914F-4D3F-B0A1-C8CD717CA2B7}.Debug|Any CPU.Build.0 = Debug|Any CPU
		{3EF03B75-914F-4D3F-B0A1-C8CD717CA2B7}.Release|Any CPU.ActiveCfg = Release|Any CPU
		{3EF03B75-914F-4D3F-B0A1-C8CD717CA2B7}.Release|Any CPU.Build.0 = Release|Any CPU
		{E44A6171-55EE-491B-AB91-61671F613953}.Debug|Any CPU.ActiveCfg = Debug|Any CPU
		{E44A6171-55EE-491B-AB91-61671F613953}.Debug|Any CPU.Build.0 = Debug|Any CPU
		{E44A6171-55EE-491B-AB91-61671F613953}.Release|Any CPU.ActiveCfg = Release|Any CPU
		{E44A6171-55EE-491B-AB91-61671F613953}.Release|Any CPU.Build.0 = Release|Any CPU
		{C412CCB2-C451-4934-BB8F-24A7C74CBF04}.Debug|Any CPU.ActiveCfg = Debug|Any CPU
		{C412CCB2-C451-4934-BB8F-24A7C74CBF04}.Debug|Any CPU.Build.0 = Debug|Any CPU
		{C412CCB2-C451-4934-BB8F-24A7C74CBF04}.Release|Any CPU.ActiveCfg = Release|Any CPU
		{C412CCB2-C451-4934-BB8F-24A7C74CBF04}.Release|Any CPU.Build.0 = Release|Any CPU
		{C4D05142-D4D7-413A-B5C1-80B6C8CFB675}.Debug|Any CPU.ActiveCfg = Debug|Any CPU
		{C4D05142-D4D7-413A-B5C1-80B6C8CFB675}.Debug|Any CPU.Build.0 = Debug|Any CPU
		{C4D05142-D4D7-413A-B5C1-80B6C8CFB675}.Release|Any CPU.ActiveCfg = Release|Any CPU
		{C4D05142-D4D7-413A-B5C1-80B6C8CFB675}.Release|Any CPU.Build.0 = Release|Any CPU
		{033B06F2-5C40-4D79-AA0D-A5A592393DD1}.Debug|Any CPU.ActiveCfg = Debug|Any CPU
		{033B06F2-5C40-4D79-AA0D-A5A592393DD1}.Debug|Any CPU.Build.0 = Debug|Any CPU
		{033B06F2-5C40-4D79-AA0D-A5A592393DD1}.Release|Any CPU.ActiveCfg = Release|Any CPU
		{033B06F2-5C40-4D79-AA0D-A5A592393DD1}.Release|Any CPU.Build.0 = Release|Any CPU
		{3D968D8B-0E2D-4C8E-A90E-FE80C90D0FB6}.Debug|Any CPU.ActiveCfg = Debug|Any CPU
		{3D968D8B-0E2D-4C8E-A90E-FE80C90D0FB6}.Debug|Any CPU.Build.0 = Debug|Any CPU
		{3D968D8B-0E2D-4C8E-A90E-FE80C90D0FB6}.Release|Any CPU.ActiveCfg = Release|Any CPU
		{3D968D8B-0E2D-4C8E-A90E-FE80C90D0FB6}.Release|Any CPU.Build.0 = Release|Any CPU
		{017CB7E2-D691-4317-B78D-80B367C09B32}.Debug|Any CPU.ActiveCfg = Debug|Any CPU
		{017CB7E2-D691-4317-B78D-80B367C09B32}.Debug|Any CPU.Build.0 = Debug|Any CPU
		{017CB7E2-D691-4317-B78D-80B367C09B32}.Release|Any CPU.ActiveCfg = Release|Any CPU
		{017CB7E2-D691-4317-B78D-80B367C09B32}.Release|Any CPU.Build.0 = Release|Any CPU
		{6F217C67-4CD3-4BAD-BE47-1A0A24657B10}.Debug|Any CPU.ActiveCfg = Debug|Any CPU
		{6F217C67-4CD3-4BAD-BE47-1A0A24657B10}.Debug|Any CPU.Build.0 = Debug|Any CPU
		{6F217C67-4CD3-4BAD-BE47-1A0A24657B10}.Release|Any CPU.ActiveCfg = Release|Any CPU
		{6F217C67-4CD3-4BAD-BE47-1A0A24657B10}.Release|Any CPU.Build.0 = Release|Any CPU
		{AE81AD2D-DE0F-4A10-BBF1-89CDD870E554}.Debug|Any CPU.ActiveCfg = Debug|Any CPU
		{AE81AD2D-DE0F-4A10-BBF1-89CDD870E554}.Debug|Any CPU.Build.0 = Debug|Any CPU
		{AE81AD2D-DE0F-4A10-BBF1-89CDD870E554}.Release|Any CPU.ActiveCfg = Release|Any CPU
		{AE81AD2D-DE0F-4A10-BBF1-89CDD870E554}.Release|Any CPU.Build.0 = Release|Any CPU
		{FF13958E-6802-4DA5-91E8-30AABAAD2B85}.Debug|Any CPU.ActiveCfg = Debug|Any CPU
		{FF13958E-6802-4DA5-91E8-30AABAAD2B85}.Debug|Any CPU.Build.0 = Debug|Any CPU
		{FF13958E-6802-4DA5-91E8-30AABAAD2B85}.Release|Any CPU.ActiveCfg = Release|Any CPU
		{FF13958E-6802-4DA5-91E8-30AABAAD2B85}.Release|Any CPU.Build.0 = Release|Any CPU
		{F9708F28-5917-4937-9E21-469FFE61B173}.Debug|Any CPU.ActiveCfg = Debug|Any CPU
		{F9708F28-5917-4937-9E21-469FFE61B173}.Debug|Any CPU.Build.0 = Debug|Any CPU
		{F9708F28-5917-4937-9E21-469FFE61B173}.Release|Any CPU.ActiveCfg = Release|Any CPU
		{F9708F28-5917-4937-9E21-469FFE61B173}.Release|Any CPU.Build.0 = Release|Any CPU
	EndGlobalSection
EndGlobal
